{
  "name": "DPLA-parser",
  "version": "1.0.0",
  "lockfileVersion": 1,
  "requires": true,
  "dependencies": {
    "is-buffer": {
      "version": "2.0.4",
      "resolved": "https://registry.npmjs.org/is-buffer/-/is-buffer-2.0.4.tgz",
      "integrity": "sha512-Kq1rokWXOPXWuaMAqZiJW4XxsmD9zGx9q4aePabbn3qCRGedtH7Cm+zV8WETitMfu1wdh+Rvd6w5egwSngUX2A=="
    },
    "ohm-js": {
      "version": "15.2.1",
      "resolved": "https://registry.npmjs.org/ohm-js/-/ohm-js-15.2.1.tgz",
      "integrity": "sha512-mptNG4TgFPbFF8fFGRssYpFdriosnxSIh9Phy7AxsEA4NELc87YuNb2EE6iIL/JvSErwQ+Kp+jvAy6EYgWj6Tw==",
      "requires": {
        "is-buffer": "^2.0.4",
        "util-extend": "^1.0.3"
      }
    },
    "util-extend": {
      "version": "1.0.3",
      "resolved": "https://registry.npmjs.org/util-extend/-/util-extend-1.0.3.tgz",
      "integrity": "sha1-p8IW0mdUUWljeztu3GypEZ4v+T8="
    }
  }
}
